
Microsoft Visual Studio Solution File, Format Version 12.00
# Visual Studio Version 17
VisualStudioVersion = 17.11.35303.130
MinimumVisualStudioVersion = 10.0.40219.1
Project("{FAE04EC0-301F-11D3-BF4B-00C04F79EFBC}") = "FyrstaVerk", "FyrstaVerk\FyrstaVerk.csproj", "{F3293915-C510-44A4-B6DB-71922AD2F387}"
EndProject
Global
	GlobalSection(SolutionConfigurationPlatforms) = preSolution
		Debug|Any CPU = Debug|Any CPU
		Release|Any CPU = Release|Any CPU
	EndGlobalSection
	GlobalSection(ProjectConfigurationPlatforms) = postSolution
		{F3293915-C510-44A4-B6DB-71922AD2F387}.Debug|Any CPU.ActiveCfg = Debug|Any CPU
		{F3293915-C510-44A4-B6DB-71922AD2F387}.Debug|Any CPU.Build.0 = Debug|Any CPU
		{F3293915-C510-44A4-B6DB-71922AD2F387}.Release|Any CPU.ActiveCfg = Release|Any CPU
		{F3293915-C510-44A4-B6DB-71922AD2F387}.Release|Any CPU.Build.0 = Release|Any CPU
	EndGlobalSection
	GlobalSection(SolutionProperties) = preSolution
		HideSolutionNode = FALSE
	EndGlobalSection
	GlobalSection(ExtensibilityGlobals) = postSolution
		SolutionGuid = {3DD57679-B180-4328-A590-B6CB154AC347}
	EndGlobalSection
EndGlobal
